// !$*UTF8*$!
{
	archiveVersion = 1;
	classes = {
	};
	objectVersion = 51;
	objects = {

/* Begin PBXBuildFile section */
		0403A8062636880D00876BB9 /* ScreenShotViewController.swift in Sources */ = {isa = PBXBuildFile; fileRef = 0403A8052636880D00876BB9 /* ScreenShotViewController.swift */; };
		0403A81D2636884700876BB9 /* ShotOnViewController.swift in Sources */ = {isa = PBXBuildFile; fileRef = 0403A81C2636884700876BB9 /* ShotOnViewController.swift */; };
		0403A8212636886500876BB9 /* ScreenRecordViewController.swift in Sources */ = {isa = PBXBuildFile; fileRef = 0403A8202636886500876BB9 /* ScreenRecordViewController.swift */; };
		0444DE32264615A3001DDACA /* SetViewController.swift in Sources */ = {isa = PBXBuildFile; fileRef = 0444DE31264615A3001DDACA /* SetViewController.swift */; };
		0444DE3E26461C93001DDACA /* Localizable.strings in Resources */ = {isa = PBXBuildFile; fileRef = 0444DE3C26461C93001DDACA /* Localizable.strings */; };
		0444DE6E26467C37001DDACA /* UnsplashViewController.swift in Sources */ = {isa = PBXBuildFile; fileRef = 0444DE6D26467C37001DDACA /* UnsplashViewController.swift */; };
		0444DEA72646838B001DDACA /* UnsplashDetailViewController.swift in Sources */ = {isa = PBXBuildFile; fileRef = 0444DEA62646838B001DDACA /* UnsplashDetailViewController.swift */; };
		0462AA1A2634F10F0051995D /* GoogleService-Info.plist in Resources */ = {isa = PBXBuildFile; fileRef = 0462AA192634F10F0051995D /* GoogleService-Info.plist */; };
		0464B17F262E7C150019ED4B /* QRCodeGenerateViewController.swift in Sources */ = {isa = PBXBuildFile; fileRef = 0464B17E262E7C150019ED4B /* QRCodeGenerateViewController.swift */; };
		0464B182262EA9C80019ED4B /* FDDefine.swift in Sources */ = {isa = PBXBuildFile; fileRef = 0464B181262EA9C80019ED4B /* FDDefine.swift */; };
		046B19332631429A00D5D475 /* OCRViewController.swift in Sources */ = {isa = PBXBuildFile; fileRef = 046B19322631429A00D5D475 /* OCRViewController.swift */; };
		047553EF26325FD1001087D7 /* IPViewController.swift in Sources */ = {isa = PBXBuildFile; fileRef = 047553EE26325FD1001087D7 /* IPViewController.swift */; };
		047553F226326160001087D7 /* Config.swift in Sources */ = {isa = PBXBuildFile; fileRef = 047553F126326160001087D7 /* Config.swift */; };
		047553FD26326323001087D7 /* JuHeIPResponseModel.swift in Sources */ = {isa = PBXBuildFile; fileRef = 047553FC26326323001087D7 /* JuHeIPResponseModel.swift */; };
		047554002632737D001087D7 /* PhoneViewController.swift in Sources */ = {isa = PBXBuildFile; fileRef = 047553FF2632737D001087D7 /* PhoneViewController.swift */; };
		047554032632747C001087D7 /* JuHePhoneResponseModel.swift in Sources */ = {isa = PBXBuildFile; fileRef = 047554022632747C001087D7 /* JuHePhoneResponseModel.swift */; };
		047554062632A890001087D7 /* Dictionary.swift in Sources */ = {isa = PBXBuildFile; fileRef = 047554052632A890001087D7 /* Dictionary.swift */; };
		0475540C2632C22D001087D7 /* NetworkSpeedViewController.swift in Sources */ = {isa = PBXBuildFile; fileRef = 0475540B2632C22D001087D7 /* NetworkSpeedViewController.swift */; };
		048D595726251F8100628F78 /* AppDelegate.swift in Sources */ = {isa = PBXBuildFile; fileRef = 048D595626251F8100628F78 /* AppDelegate.swift */; };
		048D595926251F8100628F78 /* SceneDelegate.swift in Sources */ = {isa = PBXBuildFile; fileRef = 048D595826251F8100628F78 /* SceneDelegate.swift */; };
		048D595B26251F8100628F78 /* ViewController.swift in Sources */ = {isa = PBXBuildFile; fileRef = 048D595A26251F8100628F78 /* ViewController.swift */; };
		048D595E26251F8100628F78 /* Main.storyboard in Resources */ = {isa = PBXBuildFile; fileRef = 048D595C26251F8100628F78 /* Main.storyboard */; };
		048D596026251F8200628F78 /* Assets.xcassets in Resources */ = {isa = PBXBuildFile; fileRef = 048D595F26251F8200628F78 /* Assets.xcassets */; };
		048D596326251F8200628F78 /* LaunchScreen.storyboard in Resources */ = {isa = PBXBuildFile; fileRef = 048D596126251F8200628F78 /* LaunchScreen.storyboard */; };
		048D59722625240A00628F78 /* TabBarController.swift in Sources */ = {isa = PBXBuildFile; fileRef = 048D59712625240A00628F78 /* TabBarController.swift */; };
		048D5979262524C600628F78 /* MyToolsViewController.swift in Sources */ = {isa = PBXBuildFile; fileRef = 048D5978262524C600628F78 /* MyToolsViewController.swift */; };
		048D597C262524D200628F78 /* ToolsViewController.swift in Sources */ = {isa = PBXBuildFile; fileRef = 048D597B262524D200628F78 /* ToolsViewController.swift */; };
		048D59822625266700628F78 /* BaseViewController.swift in Sources */ = {isa = PBXBuildFile; fileRef = 048D59812625266700628F78 /* BaseViewController.swift */; };
		048D59852625272500628F78 /* BaseNavigationController.swift in Sources */ = {isa = PBXBuildFile; fileRef = 048D59842625272500628F78 /* BaseNavigationController.swift */; };
		048D598D2625298000628F78 /* ToolsSearchResultController.swift in Sources */ = {isa = PBXBuildFile; fileRef = 048D598C2625298000628F78 /* ToolsSearchResultController.swift */; };
		048D599026253A3600628F78 /* ToolListCell.swift in Sources */ = {isa = PBXBuildFile; fileRef = 048D598F26253A3600628F78 /* ToolListCell.swift */; };
		048D599D26256CB300628F78 /* ToolModel.swift in Sources */ = {isa = PBXBuildFile; fileRef = 048D599C26256CB300628F78 /* ToolModel.swift */; };
		0494207F262FB44A0088ADCE /* CloudKit.framework in Frameworks */ = {isa = PBXBuildFile; fileRef = 0494207E262FB44A0088ADCE /* CloudKit.framework */; };
		049420A0262FD26A0088ADCE /* TTSViewController.swift in Sources */ = {isa = PBXBuildFile; fileRef = 0494209F262FD26A0088ADCE /* TTSViewController.swift */; };
		049420A9263002FA0088ADCE /* WiFiShareViewController.swift in Sources */ = {isa = PBXBuildFile; fileRef = 049420A8263002FA0088ADCE /* WiFiShareViewController.swift */; };
		049420BF26301FCC0088ADCE /* VideoExtractAudioViewController.swift in Sources */ = {isa = PBXBuildFile; fileRef = 049420BE26301FCC0088ADCE /* VideoExtractAudioViewController.swift */; };
		0499592A2635574F00B44964 /* QRCodeScanViewController.swift in Sources */ = {isa = PBXBuildFile; fileRef = 049959292635574F00B44964 /* QRCodeScanViewController.swift */; };
		04995C472633B91C00642205 /* BilibiliViewController.swift in Sources */ = {isa = PBXBuildFile; fileRef = 04995C462633B91C00642205 /* BilibiliViewController.swift */; };
		04A93D072627C658006C9773 /* tools.json in Resources */ = {isa = PBXBuildFile; fileRef = 04A93D062627C658006C9773 /* tools.json */; };
		04A93DF12627E781006C9773 /* ToolItemCell.swift in Sources */ = {isa = PBXBuildFile; fileRef = 04A93DF02627E781006C9773 /* ToolItemCell.swift */; };
		04A93DF92627E9F0006C9773 /* BaseModel.swift in Sources */ = {isa = PBXBuildFile; fileRef = 04A93DF82627E9F0006C9773 /* BaseModel.swift */; };
		04A93ED8262818F4006C9773 /* ToolDetailViewController.swift in Sources */ = {isa = PBXBuildFile; fileRef = 04A93ED7262818F4006C9773 /* ToolDetailViewController.swift */; };
		04B1C83426296BE5005EDBCB /* ParseShortVideoController.swift in Sources */ = {isa = PBXBuildFile; fileRef = 04B1C83326296BE5005EDBCB /* ParseShortVideoController.swift */; };
		04B1C846262974E9005EDBCB /* FDNetwork.swift in Sources */ = {isa = PBXBuildFile; fileRef = 04B1C845262974E9005EDBCB /* FDNetwork.swift */; };
		04B1C8492629765B005EDBCB /* ParseShortVideoModel.swift in Sources */ = {isa = PBXBuildFile; fileRef = 04B1C8482629765B005EDBCB /* ParseShortVideoModel.swift */; };
		04D0E40A264CB08400E45843 /* WebpageShotViewController.swift in Sources */ = {isa = PBXBuildFile; fileRef = 04D0E409264CB08400E45843 /* WebpageShotViewController.swift */; };
		04D0E40D264CB22200E45843 /* WebViewController.swift in Sources */ = {isa = PBXBuildFile; fileRef = 04D0E40C264CB22200E45843 /* WebViewController.swift */; };
		04F0E3B6263799B1005C6F7A /* UIImage+FD.swift in Sources */ = {isa = PBXBuildFile; fileRef = 04F0E3B5263799B1005C6F7A /* UIImage+FD.swift */; };
		8B3A2194BDA724F19F7DC8D4 /* Pods_Tools.framework in Frameworks */ = {isa = PBXBuildFile; fileRef = 8E7A5A17F50E9D36BED15AE2 /* Pods_Tools.framework */; };
/* End PBXBuildFile section */

/* Begin PBXFileReference section */
		0403A8052636880D00876BB9 /* ScreenShotViewController.swift */ = {isa = PBXFileReference; lastKnownFileType = sourcecode.swift; path = ScreenShotViewController.swift; sourceTree = "<group>"; };
		0403A81C2636884700876BB9 /* ShotOnViewController.swift */ = {isa = PBXFileReference; lastKnownFileType = sourcecode.swift; path = ShotOnViewController.swift; sourceTree = "<group>"; };
		0403A8202636886500876BB9 /* ScreenRecordViewController.swift */ = {isa = PBXFileReference; lastKnownFileType = sourcecode.swift; path = ScreenRecordViewController.swift; sourceTree = "<group>"; };
		043B17FC2635644C006FAC93 /* Tools-Bridging-Header.h.h */ = {isa = PBXFileReference; lastKnownFileType = sourcecode.c.h; path = "Tools-Bridging-Header.h.h"; sourceTree = "<group>"; };
		0444DE31264615A3001DDACA /* SetViewController.swift */ = {isa = PBXFileReference; lastKnownFileType = sourcecode.swift; path = SetViewController.swift; sourceTree = "<group>"; };
		0444DE3926461C35001DDACA /* zh-Hans */ = {isa = PBXFileReference; lastKnownFileType = file.storyboard; name = "zh-Hans"; path = "zh-Hans.lproj/Main.storyboard"; sourceTree = "<group>"; };
		0444DE3A26461C35001DDACA /* zh-Hans */ = {isa = PBXFileReference; lastKnownFileType = file.storyboard; name = "zh-Hans"; path = "zh-Hans.lproj/LaunchScreen.storyboard"; sourceTree = "<group>"; };
		0444DE3D26461C93001DDACA /* zh-Hans */ = {isa = PBXFileReference; lastKnownFileType = text.plist.strings; name = "zh-Hans"; path = "zh-Hans.lproj/Localizable.strings"; sourceTree = "<group>"; };
		0444DE4026461C98001DDACA /* en */ = {isa = PBXFileReference; lastKnownFileType = text.plist.strings; name = en; path = en.lproj/Localizable.strings; sourceTree = "<group>"; };
		0444DE6D26467C37001DDACA /* UnsplashViewController.swift */ = {isa = PBXFileReference; lastKnownFileType = sourcecode.swift; path = UnsplashViewController.swift; sourceTree = "<group>"; };
		0444DEA62646838B001DDACA /* UnsplashDetailViewController.swift */ = {isa = PBXFileReference; lastKnownFileType = sourcecode.swift; path = UnsplashDetailViewController.swift; sourceTree = "<group>"; };
		0462AA192634F10F0051995D /* GoogleService-Info.plist */ = {isa = PBXFileReference; fileEncoding = 4; lastKnownFileType = text.plist.xml; path = "GoogleService-Info.plist"; sourceTree = "<group>"; };
		0464B17E262E7C150019ED4B /* QRCodeGenerateViewController.swift */ = {isa = PBXFileReference; lastKnownFileType = sourcecode.swift; path = QRCodeGenerateViewController.swift; sourceTree = "<group>"; };
		0464B181262EA9C80019ED4B /* FDDefine.swift */ = {isa = PBXFileReference; fileEncoding = 4; lastKnownFileType = sourcecode.swift; path = FDDefine.swift; sourceTree = "<group>"; };
		046B19322631429A00D5D475 /* OCRViewController.swift */ = {isa = PBXFileReference; lastKnownFileType = sourcecode.swift; path = OCRViewController.swift; sourceTree = "<group>"; };
		047553EE26325FD1001087D7 /* IPViewController.swift */ = {isa = PBXFileReference; lastKnownFileType = sourcecode.swift; path = IPViewController.swift; sourceTree = "<group>"; };
		047553F126326160001087D7 /* Config.swift */ = {isa = PBXFileReference; lastKnownFileType = sourcecode.swift; path = Config.swift; sourceTree = "<group>"; };
		047553FC26326323001087D7 /* JuHeIPResponseModel.swift */ = {isa = PBXFileReference; lastKnownFileType = sourcecode.swift; path = JuHeIPResponseModel.swift; sourceTree = "<group>"; };
		047553FF2632737D001087D7 /* PhoneViewController.swift */ = {isa = PBXFileReference; lastKnownFileType = sourcecode.swift; path = PhoneViewController.swift; sourceTree = "<group>"; };
		047554022632747C001087D7 /* JuHePhoneResponseModel.swift */ = {isa = PBXFileReference; lastKnownFileType = sourcecode.swift; path = JuHePhoneResponseModel.swift; sourceTree = "<group>"; };
		047554052632A890001087D7 /* Dictionary.swift */ = {isa = PBXFileReference; lastKnownFileType = sourcecode.swift; path = Dictionary.swift; sourceTree = "<group>"; };
		0475540B2632C22D001087D7 /* NetworkSpeedViewController.swift */ = {isa = PBXFileReference; lastKnownFileType = sourcecode.swift; path = NetworkSpeedViewController.swift; sourceTree = "<group>"; };
		048D595326251F8100628F78 /* Tools.app */ = {isa = PBXFileReference; explicitFileType = wrapper.application; includeInIndex = 0; path = Tools.app; sourceTree = BUILT_PRODUCTS_DIR; };
		048D595626251F8100628F78 /* AppDelegate.swift */ = {isa = PBXFileReference; lastKnownFileType = sourcecode.swift; path = AppDelegate.swift; sourceTree = "<group>"; };
		048D595826251F8100628F78 /* SceneDelegate.swift */ = {isa = PBXFileReference; lastKnownFileType = sourcecode.swift; path = SceneDelegate.swift; sourceTree = "<group>"; };
		048D595A26251F8100628F78 /* ViewController.swift */ = {isa = PBXFileReference; lastKnownFileType = sourcecode.swift; path = ViewController.swift; sourceTree = "<group>"; };
		048D595D26251F8100628F78 /* Base */ = {isa = PBXFileReference; lastKnownFileType = file.storyboard; name = Base; path = Base.lproj/Main.storyboard; sourceTree = "<group>"; };
		048D595F26251F8200628F78 /* Assets.xcassets */ = {isa = PBXFileReference; lastKnownFileType = folder.assetcatalog; path = Assets.xcassets; sourceTree = "<group>"; };
		048D596226251F8200628F78 /* Base */ = {isa = PBXFileReference; lastKnownFileType = file.storyboard; name = Base; path = Base.lproj/LaunchScreen.storyboard; sourceTree = "<group>"; };
		048D596426251F8200628F78 /* Info.plist */ = {isa = PBXFileReference; lastKnownFileType = text.plist.xml; path = Info.plist; sourceTree = "<group>"; };
		048D59712625240A00628F78 /* TabBarController.swift */ = {isa = PBXFileReference; lastKnownFileType = sourcecode.swift; path = TabBarController.swift; sourceTree = "<group>"; };
		048D5978262524C600628F78 /* MyToolsViewController.swift */ = {isa = PBXFileReference; lastKnownFileType = sourcecode.swift; path = MyToolsViewController.swift; sourceTree = "<group>"; };
		048D597B262524D200628F78 /* ToolsViewController.swift */ = {isa = PBXFileReference; lastKnownFileType = sourcecode.swift; path = ToolsViewController.swift; sourceTree = "<group>"; };
		048D59812625266700628F78 /* BaseViewController.swift */ = {isa = PBXFileReference; lastKnownFileType = sourcecode.swift; path = BaseViewController.swift; sourceTree = "<group>"; };
		048D59842625272500628F78 /* BaseNavigationController.swift */ = {isa = PBXFileReference; lastKnownFileType = sourcecode.swift; path = BaseNavigationController.swift; sourceTree = "<group>"; };
		048D598C2625298000628F78 /* ToolsSearchResultController.swift */ = {isa = PBXFileReference; lastKnownFileType = sourcecode.swift; path = ToolsSearchResultController.swift; sourceTree = "<group>"; };
		048D598F26253A3600628F78 /* ToolListCell.swift */ = {isa = PBXFileReference; lastKnownFileType = sourcecode.swift; path = ToolListCell.swift; sourceTree = "<group>"; };
		048D599C26256CB300628F78 /* ToolModel.swift */ = {isa = PBXFileReference; lastKnownFileType = sourcecode.swift; path = ToolModel.swift; sourceTree = "<group>"; };
		0494207C262FB3F80088ADCE /* Tools.entitlements */ = {isa = PBXFileReference; lastKnownFileType = text.plist.entitlements; path = Tools.entitlements; sourceTree = "<group>"; };
		0494207E262FB44A0088ADCE /* CloudKit.framework */ = {isa = PBXFileReference; lastKnownFileType = wrapper.framework; name = CloudKit.framework; path = System/Library/Frameworks/CloudKit.framework; sourceTree = SDKROOT; };
		0494209F262FD26A0088ADCE /* TTSViewController.swift */ = {isa = PBXFileReference; lastKnownFileType = sourcecode.swift; path = TTSViewController.swift; sourceTree = "<group>"; };
		049420A8263002FA0088ADCE /* WiFiShareViewController.swift */ = {isa = PBXFileReference; lastKnownFileType = sourcecode.swift; path = WiFiShareViewController.swift; sourceTree = "<group>"; };
		049420BE26301FCC0088ADCE /* VideoExtractAudioViewController.swift */ = {isa = PBXFileReference; lastKnownFileType = sourcecode.swift; path = VideoExtractAudioViewController.swift; sourceTree = "<group>"; };
		049959292635574F00B44964 /* QRCodeScanViewController.swift */ = {isa = PBXFileReference; lastKnownFileType = sourcecode.swift; path = QRCodeScanViewController.swift; sourceTree = "<group>"; };
		04995C462633B91C00642205 /* BilibiliViewController.swift */ = {isa = PBXFileReference; lastKnownFileType = sourcecode.swift; path = BilibiliViewController.swift; sourceTree = "<group>"; };
		04A93D062627C658006C9773 /* tools.json */ = {isa = PBXFileReference; lastKnownFileType = text.json; path = tools.json; sourceTree = "<group>"; };
		04A93DF02627E781006C9773 /* ToolItemCell.swift */ = {isa = PBXFileReference; lastKnownFileType = sourcecode.swift; path = ToolItemCell.swift; sourceTree = "<group>"; };
		04A93DF82627E9F0006C9773 /* BaseModel.swift */ = {isa = PBXFileReference; lastKnownFileType = sourcecode.swift; path = BaseModel.swift; sourceTree = "<group>"; };
		04A93ED7262818F4006C9773 /* ToolDetailViewController.swift */ = {isa = PBXFileReference; lastKnownFileType = sourcecode.swift; path = ToolDetailViewController.swift; sourceTree = "<group>"; };
		04B1C83326296BE5005EDBCB /* ParseShortVideoController.swift */ = {isa = PBXFileReference; lastKnownFileType = sourcecode.swift; path = ParseShortVideoController.swift; sourceTree = "<group>"; };
		04B1C845262974E9005EDBCB /* FDNetwork.swift */ = {isa = PBXFileReference; fileEncoding = 4; lastKnownFileType = sourcecode.swift; path = FDNetwork.swift; sourceTree = "<group>"; };
		04B1C8482629765B005EDBCB /* ParseShortVideoModel.swift */ = {isa = PBXFileReference; lastKnownFileType = sourcecode.swift; path = ParseShortVideoModel.swift; sourceTree = "<group>"; };
		04D0E409264CB08400E45843 /* WebpageShotViewController.swift */ = {isa = PBXFileReference; lastKnownFileType = sourcecode.swift; path = WebpageShotViewController.swift; sourceTree = "<group>"; };
		04D0E40C264CB22200E45843 /* WebViewController.swift */ = {isa = PBXFileReference; lastKnownFileType = sourcecode.swift; path = WebViewController.swift; sourceTree = "<group>"; };
		04F0E3B5263799B1005C6F7A /* UIImage+FD.swift */ = {isa = PBXFileReference; lastKnownFileType = sourcecode.swift; path = "UIImage+FD.swift"; sourceTree = "<group>"; };
		3A91064668C4DE3440D969AD /* Pods-Tools.debug.xcconfig */ = {isa = PBXFileReference; includeInIndex = 1; lastKnownFileType = text.xcconfig; name = "Pods-Tools.debug.xcconfig"; path = "Target Support Files/Pods-Tools/Pods-Tools.debug.xcconfig"; sourceTree = "<group>"; };
		8E7A5A17F50E9D36BED15AE2 /* Pods_Tools.framework */ = {isa = PBXFileReference; explicitFileType = wrapper.framework; includeInIndex = 0; path = Pods_Tools.framework; sourceTree = BUILT_PRODUCTS_DIR; };
		A5EF2C540199B83CDEE38334 /* Pods-Tools.release.xcconfig */ = {isa = PBXFileReference; includeInIndex = 1; lastKnownFileType = text.xcconfig; name = "Pods-Tools.release.xcconfig"; path = "Target Support Files/Pods-Tools/Pods-Tools.release.xcconfig"; sourceTree = "<group>"; };
/* End PBXFileReference section */

/* Begin PBXFrameworksBuildPhase section */
		048D595026251F8100628F78 /* Frameworks */ = {
			isa = PBXFrameworksBuildPhase;
			buildActionMask = 2147483647;
			files = (
				8B3A2194BDA724F19F7DC8D4 /* Pods_Tools.framework in Frameworks */,
				0494207F262FB44A0088ADCE /* CloudKit.framework in Frameworks */,
			);
			runOnlyForDeploymentPostprocessing = 0;
		};
/* End PBXFrameworksBuildPhase section */

/* Begin PBXGroup section */
		048D594A26251F8100628F78 = {
			isa = PBXGroup;
			children = (
				048D595526251F8100628F78 /* Tools */,
				0C4E14621A7E90492C3451EA /* Pods */,
				35C5D9240BB5BA539567E040 /* Frameworks */,
			);
			sourceTree = "<group>";
		};
		048D595426251F8100628F78 /* Products */ = {
			isa = PBXGroup;
			children = (
				048D595326251F8100628F78 /* Tools.app */,
			);
			name = Products;
			path = ..;
			sourceTree = "<group>";
		};
		048D595526251F8100628F78 /* Tools */ = {
			isa = PBXGroup;
			children = (
				0444DE3C26461C93001DDACA /* Localizable.strings */,
				0462AA192634F10F0051995D /* GoogleService-Info.plist */,
				0494207C262FB3F80088ADCE /* Tools.entitlements */,
				048D595626251F8100628F78 /* AppDelegate.swift */,
				048D595826251F8100628F78 /* SceneDelegate.swift */,
				048D595A26251F8100628F78 /* ViewController.swift */,
				048D595C26251F8100628F78 /* Main.storyboard */,
				048D595F26251F8200628F78 /* Assets.xcassets */,
				048D596126251F8200628F78 /* LaunchScreen.storyboard */,
				048D596426251F8200628F78 /* Info.plist */,
				04A93DFC2627EFF2006C9773 /* Controller */,
				04A93DFD2627F004006C9773 /* View */,
				04A93DFE2627F027006C9773 /* Model */,
				04A93DFB2627EFE1006C9773 /* Base */,
				04B1C837262970E9005EDBCB /* FD */,
				048D595426251F8100628F78 /* Products */,
				047553F126326160001087D7 /* Config.swift */,
				047554052632A890001087D7 /* Dictionary.swift */,
				043B17FC2635644C006FAC93 /* Tools-Bridging-Header.h.h */,
			);
			path = Tools;
			sourceTree = "<group>";
		};
		04A93DFB2627EFE1006C9773 /* Base */ = {
			isa = PBXGroup;
			children = (
				048D59812625266700628F78 /* BaseViewController.swift */,
				048D59842625272500628F78 /* BaseNavigationController.swift */,
				04A93DF82627E9F0006C9773 /* BaseModel.swift */,
			);
			path = Base;
			sourceTree = "<group>";
		};
		04A93DFC2627EFF2006C9773 /* Controller */ = {
			isa = PBXGroup;
			children = (
				04A93ED52628186B006C9773 /* Tools */,
				048D59712625240A00628F78 /* TabBarController.swift */,
				048D5978262524C600628F78 /* MyToolsViewController.swift */,
				048D597B262524D200628F78 /* ToolsViewController.swift */,
				048D598C2625298000628F78 /* ToolsSearchResultController.swift */,
				04A93ED7262818F4006C9773 /* ToolDetailViewController.swift */,
				0444DE31264615A3001DDACA /* SetViewController.swift */,
				04D0E40C264CB22200E45843 /* WebViewController.swift */,
			);
			path = Controller;
			sourceTree = "<group>";
		};
		04A93DFD2627F004006C9773 /* View */ = {
			isa = PBXGroup;
			children = (
				048D598F26253A3600628F78 /* ToolListCell.swift */,
				04A93DF02627E781006C9773 /* ToolItemCell.swift */,
			);
			path = View;
			sourceTree = "<group>";
		};
		04A93DFE2627F027006C9773 /* Model */ = {
			isa = PBXGroup;
			children = (
				04A93D062627C658006C9773 /* tools.json */,
				048D599C26256CB300628F78 /* ToolModel.swift */,
				04B1C8482629765B005EDBCB /* ParseShortVideoModel.swift */,
				047553FC26326323001087D7 /* JuHeIPResponseModel.swift */,
				047554022632747C001087D7 /* JuHePhoneResponseModel.swift */,
			);
			path = Model;
			sourceTree = "<group>";
		};
		04A93ED52628186B006C9773 /* Tools */ = {
			isa = PBXGroup;
			children = (
				04B1C83326296BE5005EDBCB /* ParseShortVideoController.swift */,
				0464B17E262E7C150019ED4B /* QRCodeGenerateViewController.swift */,
				0494209F262FD26A0088ADCE /* TTSViewController.swift */,
				049420A8263002FA0088ADCE /* WiFiShareViewController.swift */,
				049420BE26301FCC0088ADCE /* VideoExtractAudioViewController.swift */,
				046B19322631429A00D5D475 /* OCRViewController.swift */,
				047553EE26325FD1001087D7 /* IPViewController.swift */,
				047553FF2632737D001087D7 /* PhoneViewController.swift */,
				0475540B2632C22D001087D7 /* NetworkSpeedViewController.swift */,
				04995C462633B91C00642205 /* BilibiliViewController.swift */,
				049959292635574F00B44964 /* QRCodeScanViewController.swift */,
				0403A81C2636884700876BB9 /* ShotOnViewController.swift */,
				0403A8052636880D00876BB9 /* ScreenShotViewController.swift */,
				0403A8202636886500876BB9 /* ScreenRecordViewController.swift */,
				0444DE6D26467C37001DDACA /* UnsplashViewController.swift */,
				0444DEA62646838B001DDACA /* UnsplashDetailViewController.swift */,
				04D0E409264CB08400E45843 /* WebpageShotViewController.swift */,
			);
			path = Tools;
			sourceTree = "<group>";
		};
		04B1C837262970E9005EDBCB /* FD */ = {
			isa = PBXGroup;
			children = (
				0464B181262EA9C80019ED4B /* FDDefine.swift */,
				04B1C845262974E9005EDBCB /* FDNetwork.swift */,
				04F0E3B5263799B1005C6F7A /* UIImage+FD.swift */,
			);
			path = FD;
			sourceTree = "<group>";
		};
		0C4E14621A7E90492C3451EA /* Pods */ = {
			isa = PBXGroup;
			children = (
				3A91064668C4DE3440D969AD /* Pods-Tools.debug.xcconfig */,
				A5EF2C540199B83CDEE38334 /* Pods-Tools.release.xcconfig */,
			);
			path = Pods;
			sourceTree = "<group>";
		};
		35C5D9240BB5BA539567E040 /* Frameworks */ = {
			isa = PBXGroup;
			children = (
				0494207E262FB44A0088ADCE /* CloudKit.framework */,
				8E7A5A17F50E9D36BED15AE2 /* Pods_Tools.framework */,
			);
			name = Frameworks;
			sourceTree = "<group>";
		};
/* End PBXGroup section */

/* Begin PBXNativeTarget section */
		048D595226251F8100628F78 /* Tools */ = {
			isa = PBXNativeTarget;
			buildConfigurationList = 048D596726251F8200628F78 /* Build configuration list for PBXNativeTarget "Tools" */;
			buildPhases = (
				523309E42289734E7D7D2D6A /* [CP] Check Pods Manifest.lock */,
				048D594F26251F8100628F78 /* Sources */,
				048D595026251F8100628F78 /* Frameworks */,
				048D595126251F8100628F78 /* Resources */,
				203C2490206F008BBDD07C1A /* [CP] Embed Pods Frameworks */,
			);
			buildRules = (
			);
			dependencies = (
			);
			name = Tools;
			productName = Tools;
			productReference = 048D595326251F8100628F78 /* Tools.app */;
			productType = "com.apple.product-type.application";
		};
/* End PBXNativeTarget section */

/* Begin PBXProject section */
		048D594B26251F8100628F78 /* Project object */ = {
			isa = PBXProject;
			attributes = {
				LastSwiftUpdateCheck = 1240;
				LastUpgradeCheck = 1240;
				TargetAttributes = {
					048D595226251F8100628F78 = {
						CreatedOnToolsVersion = 12.4;
					};
				};
			};
			buildConfigurationList = 048D594E26251F8100628F78 /* Build configuration list for PBXProject "Tools" */;
			compatibilityVersion = "Xcode 9.3";
			developmentRegion = en;
			hasScannedForEncodings = 0;
			knownRegions = (
				en,
				Base,
				"zh-Hans",
			);
			mainGroup = 048D594A26251F8100628F78;
			productRefGroup = 048D595426251F8100628F78 /* Products */;
			projectDirPath = "";
			projectRoot = "";
			targets = (
				048D595226251F8100628F78 /* Tools */,
			);
		};
/* End PBXProject section */

/* Begin PBXResourcesBuildPhase section */
		048D595126251F8100628F78 /* Resources */ = {
			isa = PBXResourcesBuildPhase;
			buildActionMask = 2147483647;
			files = (
				048D596326251F8200628F78 /* LaunchScreen.storyboard in Resources */,
				0444DE3E26461C93001DDACA /* Localizable.strings in Resources */,
				048D596026251F8200628F78 /* Assets.xcassets in Resources */,
				048D595E26251F8100628F78 /* Main.storyboard in Resources */,
				04A93D072627C658006C9773 /* tools.json in Resources */,
				0462AA1A2634F10F0051995D /* GoogleService-Info.plist in Resources */,
			);
			runOnlyForDeploymentPostprocessing = 0;
		};
/* End PBXResourcesBuildPhase section */

/* Begin PBXShellScriptBuildPhase section */
		203C2490206F008BBDD07C1A /* [CP] Embed Pods Frameworks */ = {
			isa = PBXShellScriptBuildPhase;
			buildActionMask = 2147483647;
			files = (
			);
			inputFileListPaths = (
				"${PODS_ROOT}/Target Support Files/Pods-Tools/Pods-Tools-frameworks-${CONFIGURATION}-input-files.xcfilelist",
			);
			name = "[CP] Embed Pods Frameworks";
			outputFileListPaths = (
				"${PODS_ROOT}/Target Support Files/Pods-Tools/Pods-Tools-frameworks-${CONFIGURATION}-output-files.xcfilelist",
			);
			runOnlyForDeploymentPostprocessing = 0;
			shellPath = /bin/sh;
			shellScript = "\"${PODS_ROOT}/Target Support Files/Pods-Tools/Pods-Tools-frameworks.sh\"\n";
			showEnvVarsInLog = 0;
		};
		523309E42289734E7D7D2D6A /* [CP] Check Pods Manifest.lock */ = {
			isa = PBXShellScriptBuildPhase;
			buildActionMask = 2147483647;
			files = (
			);
			inputFileListPaths = (
			);
			inputPaths = (
				"${PODS_PODFILE_DIR_PATH}/Podfile.lock",
				"${PODS_ROOT}/Manifest.lock",
			);
			name = "[CP] Check Pods Manifest.lock";
			outputFileListPaths = (
			);
			outputPaths = (
				"$(DERIVED_FILE_DIR)/Pods-Tools-checkManifestLockResult.txt",
			);
			runOnlyForDeploymentPostprocessing = 0;
			shellPath = /bin/sh;
			shellScript = "diff \"${PODS_PODFILE_DIR_PATH}/Podfile.lock\" \"${PODS_ROOT}/Manifest.lock\" > /dev/null\nif [ $? != 0 ] ; then\n    # print error to STDERR\n    echo \"error: The sandbox is not in sync with the Podfile.lock. Run 'pod install' or update your CocoaPods installation.\" >&2\n    exit 1\nfi\n# This output is used by Xcode 'outputs' to avoid re-running this script phase.\necho \"SUCCESS\" > \"${SCRIPT_OUTPUT_FILE_0}\"\n";
			showEnvVarsInLog = 0;
		};
/* End PBXShellScriptBuildPhase section */

/* Begin PBXSourcesBuildPhase section */
		048D594F26251F8100628F78 /* Sources */ = {
			isa = PBXSourcesBuildPhase;
			buildActionMask = 2147483647;
			files = (
				0464B182262EA9C80019ED4B /* FDDefine.swift in Sources */,
				04F0E3B6263799B1005C6F7A /* UIImage+FD.swift in Sources */,
				048D59852625272500628F78 /* BaseNavigationController.swift in Sources */,
				04A93ED8262818F4006C9773 /* ToolDetailViewController.swift in Sources */,
				048D597C262524D200628F78 /* ToolsViewController.swift in Sources */,
				048D595B26251F8100628F78 /* ViewController.swift in Sources */,
				04A93DF92627E9F0006C9773 /* BaseModel.swift in Sources */,
				04B1C8492629765B005EDBCB /* ParseShortVideoModel.swift in Sources */,
				0464B17F262E7C150019ED4B /* QRCodeGenerateViewController.swift in Sources */,
				048D59722625240A00628F78 /* TabBarController.swift in Sources */,
				047554002632737D001087D7 /* PhoneViewController.swift in Sources */,
				0403A8212636886500876BB9 /* ScreenRecordViewController.swift in Sources */,
				047553EF26325FD1001087D7 /* IPViewController.swift in Sources */,
				049420BF26301FCC0088ADCE /* VideoExtractAudioViewController.swift in Sources */,
				0444DE32264615A3001DDACA /* SetViewController.swift in Sources */,
				047553FD26326323001087D7 /* JuHeIPResponseModel.swift in Sources */,
				0403A81D2636884700876BB9 /* ShotOnViewController.swift in Sources */,
				048D599D26256CB300628F78 /* ToolModel.swift in Sources */,
				047553F226326160001087D7 /* Config.swift in Sources */,
				048D595726251F8100628F78 /* AppDelegate.swift in Sources */,
				0475540C2632C22D001087D7 /* NetworkSpeedViewController.swift in Sources */,
				0444DEA72646838B001DDACA /* UnsplashDetailViewController.swift in Sources */,
				046B19332631429A00D5D475 /* OCRViewController.swift in Sources */,
				047554032632747C001087D7 /* JuHePhoneResponseModel.swift in Sources */,
				0403A8062636880D00876BB9 /* ScreenShotViewController.swift in Sources */,
				048D595926251F8100628F78 /* SceneDelegate.swift in Sources */,
				049420A0262FD26A0088ADCE /* TTSViewController.swift in Sources */,
				047554062632A890001087D7 /* Dictionary.swift in Sources */,
				048D598D2625298000628F78 /* ToolsSearchResultController.swift in Sources */,
				0444DE6E26467C37001DDACA /* UnsplashViewController.swift in Sources */,
				048D599026253A3600628F78 /* ToolListCell.swift in Sources */,
				048D59822625266700628F78 /* BaseViewController.swift in Sources */,
				04A93DF12627E781006C9773 /* ToolItemCell.swift in Sources */,
				04B1C83426296BE5005EDBCB /* ParseShortVideoController.swift in Sources */,
				04D0E40A264CB08400E45843 /* WebpageShotViewController.swift in Sources */,
				0499592A2635574F00B44964 /* QRCodeScanViewController.swift in Sources */,
				04D0E40D264CB22200E45843 /* WebViewController.swift in Sources */,
				049420A9263002FA0088ADCE /* WiFiShareViewController.swift in Sources */,
				04B1C846262974E9005EDBCB /* FDNetwork.swift in Sources */,
				04995C472633B91C00642205 /* BilibiliViewController.swift in Sources */,
				048D5979262524C600628F78 /* MyToolsViewController.swift in Sources */,
			);
			runOnlyForDeploymentPostprocessing = 0;
		};
/* End PBXSourcesBuildPhase section */

/* Begin PBXVariantGroup section */
		0444DE3C26461C93001DDACA /* Localizable.strings */ = {
			isa = PBXVariantGroup;
			children = (
				0444DE3D26461C93001DDACA /* zh-Hans */,
				0444DE4026461C98001DDACA /* en */,
			);
			name = Localizable.strings;
			sourceTree = "<group>";
		};
		048D595C26251F8100628F78 /* Main.storyboard */ = {
			isa = PBXVariantGroup;
			children = (
				048D595D26251F8100628F78 /* Base */,
				0444DE3926461C35001DDACA /* zh-Hans */,
			);
			name = Main.storyboard;
			sourceTree = "<group>";
		};
		048D596126251F8200628F78 /* LaunchScreen.storyboard */ = {
			isa = PBXVariantGroup;
			children = (
				048D596226251F8200628F78 /* Base */,
				0444DE3A26461C35001DDACA /* zh-Hans */,
			);
			name = LaunchScreen.storyboard;
			sourceTree = "<group>";
		};
/* End PBXVariantGroup section */

/* Begin XCBuildConfiguration section */
		048D596526251F8200628F78 /* Debug */ = {
			isa = XCBuildConfiguration;
			buildSettings = {
				ALWAYS_SEARCH_USER_PATHS = NO;
				CLANG_ANALYZER_LOCALIZABILITY_NONLOCALIZED = YES;
				CLANG_ANALYZER_NONNULL = YES;
				CLANG_ANALYZER_NUMBER_OBJECT_CONVERSION = YES_AGGRESSIVE;
				CLANG_CXX_LANGUAGE_STANDARD = "gnu++14";
				CLANG_CXX_LIBRARY = "libc++";
				CLANG_ENABLE_MODULES = YES;
				CLANG_ENABLE_OBJC_ARC = YES;
				CLANG_ENABLE_OBJC_WEAK = YES;
				CLANG_WARN_BLOCK_CAPTURE_AUTORELEASING = YES;
				CLANG_WARN_BOOL_CONVERSION = YES;
				CLANG_WARN_COMMA = YES;
				CLANG_WARN_CONSTANT_CONVERSION = YES;
				CLANG_WARN_DEPRECATED_OBJC_IMPLEMENTATIONS = YES;
				CLANG_WARN_DIRECT_OBJC_ISA_USAGE = YES_ERROR;
				CLANG_WARN_DOCUMENTATION_COMMENTS = YES;
				CLANG_WARN_EMPTY_BODY = YES;
				CLANG_WARN_ENUM_CONVERSION = YES;
				CLANG_WARN_INFINITE_RECURSION = YES;
				CLANG_WARN_INT_CONVERSION = YES;
				CLANG_WARN_NON_LITERAL_NULL_CONVERSION = YES;
				CLANG_WARN_OBJC_IMPLICIT_RETAIN_SELF = YES;
				CLANG_WARN_OBJC_LITERAL_CONVERSION = YES;
				CLANG_WARN_OBJC_ROOT_CLASS = YES_ERROR;
				CLANG_WARN_QUOTED_INCLUDE_IN_FRAMEWORK_HEADER = YES;
				CLANG_WARN_RANGE_LOOP_ANALYSIS = YES;
				CLANG_WARN_STRICT_PROTOTYPES = YES;
				CLANG_WARN_SUSPICIOUS_MOVE = YES;
				CLANG_WARN_UNGUARDED_AVAILABILITY = YES_AGGRESSIVE;
				CLANG_WARN_UNREACHABLE_CODE = YES;
				CLANG_WARN__DUPLICATE_METHOD_MATCH = YES;
				COPY_PHASE_STRIP = NO;
				DEBUG_INFORMATION_FORMAT = dwarf;
				ENABLE_STRICT_OBJC_MSGSEND = YES;
				ENABLE_TESTABILITY = YES;
				GCC_C_LANGUAGE_STANDARD = gnu11;
				GCC_DYNAMIC_NO_PIC = NO;
				GCC_NO_COMMON_BLOCKS = YES;
				GCC_OPTIMIZATION_LEVEL = 0;
				GCC_PREPROCESSOR_DEFINITIONS = (
					"DEBUG=1",
					"$(inherited)",
				);
				GCC_WARN_64_TO_32_BIT_CONVERSION = YES;
				GCC_WARN_ABOUT_RETURN_TYPE = YES_ERROR;
				GCC_WARN_UNDECLARED_SELECTOR = YES;
				GCC_WARN_UNINITIALIZED_AUTOS = YES_AGGRESSIVE;
				GCC_WARN_UNUSED_FUNCTION = YES;
				GCC_WARN_UNUSED_VARIABLE = YES;
				IPHONEOS_DEPLOYMENT_TARGET = 14.4;
				MTL_ENABLE_DEBUG_INFO = INCLUDE_SOURCE;
				MTL_FAST_MATH = YES;
				ONLY_ACTIVE_ARCH = YES;
				SDKROOT = iphoneos;
				SWIFT_ACTIVE_COMPILATION_CONDITIONS = DEBUG;
				SWIFT_OPTIMIZATION_LEVEL = "-Onone";
			};
			name = Debug;
		};
		048D596626251F8200628F78 /* Release */ = {
			isa = XCBuildConfiguration;
			buildSettings = {
				ALWAYS_SEARCH_USER_PATHS = NO;
				CLANG_ANALYZER_LOCALIZABILITY_NONLOCALIZED = YES;
				CLANG_ANALYZER_NONNULL = YES;
				CLANG_ANALYZER_NUMBER_OBJECT_CONVERSION = YES_AGGRESSIVE;
				CLANG_CXX_LANGUAGE_STANDARD = "gnu++14";
				CLANG_CXX_LIBRARY = "libc++";
				CLANG_ENABLE_MODULES = YES;
				CLANG_ENABLE_OBJC_ARC = YES;
				CLANG_ENABLE_OBJC_WEAK = YES;
				CLANG_WARN_BLOCK_CAPTURE_AUTORELEASING = YES;
				CLANG_WARN_BOOL_CONVERSION = YES;
				CLANG_WARN_COMMA = YES;
				CLANG_WARN_CONSTANT_CONVERSION = YES;
				CLANG_WARN_DEPRECATED_OBJC_IMPLEMENTATIONS = YES;
				CLANG_WARN_DIRECT_OBJC_ISA_USAGE = YES_ERROR;
				CLANG_WARN_DOCUMENTATION_COMMENTS = YES;
				CLANG_WARN_EMPTY_BODY = YES;
				CLANG_WARN_ENUM_CONVERSION = YES;
				CLANG_WARN_INFINITE_RECURSION = YES;
				CLANG_WARN_INT_CONVERSION = YES;
				CLANG_WARN_NON_LITERAL_NULL_CONVERSION = YES;
				CLANG_WARN_OBJC_IMPLICIT_RETAIN_SELF = YES;
				CLANG_WARN_OBJC_LITERAL_CONVERSION = YES;
				CLANG_WARN_OBJC_ROOT_CLASS = YES_ERROR;
				CLANG_WARN_QUOTED_INCLUDE_IN_FRAMEWORK_HEADER = YES;
				CLANG_WARN_RANGE_LOOP_ANALYSIS = YES;
				CLANG_WARN_STRICT_PROTOTYPES = YES;
				CLANG_WARN_SUSPICIOUS_MOVE = YES;
				CLANG_WARN_UNGUARDED_AVAILABILITY = YES_AGGRESSIVE;
				CLANG_WARN_UNREACHABLE_CODE = YES;
				CLANG_WARN__DUPLICATE_METHOD_MATCH = YES;
				COPY_PHASE_STRIP = NO;
				DEBUG_INFORMATION_FORMAT = "dwarf-with-dsym";
				ENABLE_NS_ASSERTIONS = NO;
				ENABLE_STRICT_OBJC_MSGSEND = YES;
				GCC_C_LANGUAGE_STANDARD = gnu11;
				GCC_NO_COMMON_BLOCKS = YES;
				GCC_WARN_64_TO_32_BIT_CONVERSION = YES;
				GCC_WARN_ABOUT_RETURN_TYPE = YES_ERROR;
				GCC_WARN_UNDECLARED_SELECTOR = YES;
				GCC_WARN_UNINITIALIZED_AUTOS = YES_AGGRESSIVE;
				GCC_WARN_UNUSED_FUNCTION = YES;
				GCC_WARN_UNUSED_VARIABLE = YES;
				IPHONEOS_DEPLOYMENT_TARGET = 14.4;
				MTL_ENABLE_DEBUG_INFO = NO;
				MTL_FAST_MATH = YES;
				SDKROOT = iphoneos;
				SWIFT_COMPILATION_MODE = wholemodule;
				SWIFT_OPTIMIZATION_LEVEL = "-O";
				VALIDATE_PRODUCT = YES;
			};
			name = Release;
		};
		048D596826251F8200628F78 /* Debug */ = {
			isa = XCBuildConfiguration;
			baseConfigurationReference = 3A91064668C4DE3440D969AD /* Pods-Tools.debug.xcconfig */;
			buildSettings = {
				ASSETCATALOG_COMPILER_APPICON_NAME = AppIcon;
				ASSETCATALOG_COMPILER_GLOBAL_ACCENT_COLOR_NAME = AccentColor;
				CODE_SIGN_ENTITLEMENTS = Tools/Tools.entitlements;
				CODE_SIGN_STYLE = Automatic;
				CURRENT_PROJECT_VERSION = 20210513;
				DEVELOPMENT_TEAM = 37R27U9WSN;
				INFOPLIST_FILE = Tools/Info.plist;
				IPHONEOS_DEPLOYMENT_TARGET = 13.0;
				LD_RUNPATH_SEARCH_PATHS = (
					"$(inherited)",
					"@executable_path/Frameworks",
				);
				PRODUCT_BUNDLE_IDENTIFIER = me.fandong.Tools1;
				PRODUCT_NAME = "$(TARGET_NAME)";
				SWIFT_OBJC_BRIDGING_HEADER = "$SRCROOT/Tools/Tools-Bridging-Header.h.h";
				SWIFT_VERSION = 5.0;
				TARGETED_DEVICE_FAMILY = "1,2";
			};
			name = Debug;
		};
		048D596926251F8200628F78 /* Release */ = {
			isa = XCBuildConfiguration;
			baseConfigurationReference = A5EF2C540199B83CDEE38334 /* Pods-Tools.release.xcconfig */;
			buildSettings = {
				ASSETCATALOG_COMPILER_APPICON_NAME = AppIcon;
				ASSETCATALOG_COMPILER_GLOBAL_ACCENT_COLOR_NAME = AccentColor;
				CODE_SIGN_ENTITLEMENTS = Tools/Tools.entitlements;
				CODE_SIGN_STYLE = Automatic;
				CURRENT_PROJECT_VERSION = 20210513;
				DEVELOPMENT_TEAM = 37R27U9WSN;
				INFOPLIST_FILE = Tools/Info.plist;
				IPHONEOS_DEPLOYMENT_TARGET = 13.0;
				LD_RUNPATH_SEARCH_PATHS = (
					"$(inherited)",
					"@executable_path/Frameworks",
				);
				PRODUCT_BUNDLE_IDENTIFIER = me.fandong.Tools1;
				PRODUCT_NAME = "$(TARGET_NAME)";
				SWIFT_OBJC_BRIDGING_HEADER = "$SRCROOT/Tools/Tools-Bridging-Header.h.h";
				SWIFT_VERSION = 5.0;
				TARGETED_DEVICE_FAMILY = "1,2";
			};
			name = Release;
		};
/* End XCBuildConfiguration section */

/* Begin XCConfigurationList section */
		048D594E26251F8100628F78 /* Build configuration list for PBXProject "Tools" */ = {
			isa = XCConfigurationList;
			buildConfigurations = (
				048D596526251F8200628F78 /* Debug */,
				048D596626251F8200628F78 /* Release */,
			);
			defaultConfigurationIsVisible = 0;
			defaultConfigurationName = Release;
		};
		048D596726251F8200628F78 /* Build configuration list for PBXNativeTarget "Tools" */ = {
			isa = XCConfigurationList;
			buildConfigurations = (
				048D596826251F8200628F78 /* Debug */,
				048D596926251F8200628F78 /* Release */,
			);
			defaultConfigurationIsVisible = 0;
			defaultConfigurationName = Release;
		};
/* End XCConfigurationList section */
	};
	rootObject = 048D594B26251F8100628F78 /* Project object */;
}
