PODS:
  - HandyJSON (5.0.2)
  - Hue (5.0.0)
  - SnapKit (5.0.1)

DEPENDENCIES:
  - HandyJSON (~> 5.0.2)
  - Hue
  - SnapKit (~> 5.0.0)

SPEC REPOS:
  trunk:
    - HandyJSON
    - Hue
    - SnapKit

SPEC CHECKSUMS:
  HandyJSON: 9e4e236f5d2dbefad5155a77417bbea438201c03
  Hue: c129cb67be7d093a82bbbc30ce8a96757bf6f37a
  SnapKit: 97b92857e3df3a0c71833cce143274bf6ef8e5eb

PODFILE CHECKSUM: 888086d01d6f6d1e1a2050897370ac930b1a8545

COCOAPODS: 1.10.1
